
Microsoft Visual Studio Solution File, Format Version 12.00
# Visual Studio Version 17
VisualStudioVersion = 17.8.34601.278
MinimumVisualStudioVersion = 10.0.40219.1
Project("{FAE04EC0-301F-11D3-BF4B-00C04F79EFBC}") = "DeepCopy", "DeepCopy\DeepCopy.csproj", "{7C9BB8BD-2AEC-43A6-BEC0-6816D6C729B7}"
EndProject
Global
	GlobalSection(SolutionConfigurationPlatforms) = preSolution
		Debug|Any CPU = Debug|Any CPU
		Release|Any CPU = Release|Any CPU
	EndGlobalSection
	GlobalSection(ProjectConfigurationPlatforms) = postSolution
		{7C9BB8BD-2AEC-43A6-BEC0-6816D6C729B7}.Debug|Any CPU.ActiveCfg = Debug|Any CPU
		{7C9BB8BD-2AEC-43A6-BEC0-6816D6C729B7}.Debug|Any CPU.Build.0 = Debug|Any CPU
		{7C9BB8BD-2AEC-43A6-BEC0-6816D6C729B7}.Release|Any CPU.ActiveCfg = Release|Any CPU
		{7C9BB8BD-2AEC-43A6-BEC0-6816D6C729B7}.Release|Any CPU.Build.0 = Release|Any CPU
	EndGlobalSection
	GlobalSection(SolutionProperties) = preSolution
		HideSolutionNode = FALSE
	EndGlobalSection
	GlobalSection(ExtensibilityGlobals) = postSolution
		SolutionGuid = {C0E3CB79-4D4E-4EFE-98F2-4AC823F6061A}
	EndGlobalSection
EndGlobal
