
Microsoft Visual Studio Solution File, Format Version 12.00
# Visual Studio Version 17
VisualStudioVersion = 17.8.34601.278
MinimumVisualStudioVersion = 10.0.40219.1
Project("{FAE04EC0-301F-11D3-BF4B-00C04F79EFBC}") = "NotificationSystem", "NotificationSystem\NotificationSystem.csproj", "{E2C1CF98-BC25-4176-9F8A-308E829DC57D}"
EndProject
Global
	GlobalSection(SolutionConfigurationPlatforms) = preSolution
		Debug|Any CPU = Debug|Any CPU
		Release|Any CPU = Release|Any CPU
	EndGlobalSection
	GlobalSection(ProjectConfigurationPlatforms) = postSolution
		{E2C1CF98-BC25-4176-9F8A-308E829DC57D}.Debug|Any CPU.ActiveCfg = Debug|Any CPU
		{E2C1CF98-BC25-4176-9F8A-308E829DC57D}.Debug|Any CPU.Build.0 = Debug|Any CPU
		{E2C1CF98-BC25-4176-9F8A-308E829DC57D}.Release|Any CPU.ActiveCfg = Release|Any CPU
		{E2C1CF98-BC25-4176-9F8A-308E829DC57D}.Release|Any CPU.Build.0 = Release|Any CPU
	EndGlobalSection
	GlobalSection(SolutionProperties) = preSolution
		HideSolutionNode = FALSE
	EndGlobalSection
	GlobalSection(ExtensibilityGlobals) = postSolution
		SolutionGuid = {4C1A2576-905F-4C74-954E-D310DE1EF6A9}
	EndGlobalSection
EndGlobal
